# THIS IS AN AUTOGENERATED FILE. DO NOT EDIT THIS FILE DIRECTLY.
# yarn lockfile v1


"@babel/code-frame@^7.0.0":
  version "7.23.5"
  resolved "https://registry.yarnpkg.com/@babel/code-frame/-/code-frame-7.23.5.tgz#9009b69a8c602293476ad598ff53e4562e15c244"
  integrity sha512-CgH3s1a96LipHCmSUmYFPwY7MNx8C3avkq7i4Wl3cfa662ldtUe4VM1TPXX70pfmrlWTb6jLqTYrZyT2ZTJBgA==
  dependencies:
    "@babel/highlight" "^7.23.4"
    chalk "^2.4.2"

"@babel/helper-validator-identifier@^7.22.20":
  version "7.22.20"
  resolved "https://registry.yarnpkg.com/@babel/helper-validator-identifier/-/helper-validator-identifier-7.22.20.tgz#c4ae002c61d2879e724581d96665583dbc1dc0e0"
  integrity sha512-Y4OZ+ytlatR8AI+8KZfKuL5urKp7qey08ha31L8b3BwewJAoJamTzyvxPR/5D+KkdJCGPq/+8TukHBlY10FX9A==

"@babel/highlight@^7.23.4":
  version "7.23.4"
  resolved "https://registry.yarnpkg.com/@babel/highlight/-/highlight-7.23.4.tgz#edaadf4d8232e1a961432db785091207ead0621b"
  integrity sha512-acGdbYSfp2WheJoJm/EBBBLh/ID8KDc64ISZ9DYtBmC8/Q204PZJLHyzeB5qMzJ5trcOkybd78M4x2KWsUq++A==
  dependencies:
    "@babel/helper-validator-identifier" "^7.22.20"
    chalk "^2.4.2"
    js-tokens "^4.0.0"

"@babel/runtime@^7.12.5":
  version "7.23.8"
  resolved "https://registry.yarnpkg.com/@babel/runtime/-/runtime-7.23.8.tgz#8ee6fe1ac47add7122902f257b8ddf55c898f650"
  integrity sha512-Y7KbAP984rn1VGMbGqKmBLio9V7y5Je9GvU4rQPCPinCyNfUcToxIXl06d59URp/F3LwinvODxab5N/G6qggkw==
  dependencies:
    regenerator-runtime "^0.14.0"

"@esbuild/aix-ppc64@0.19.11":
  version "0.19.11"
  resolved "https://registry.yarnpkg.com/@esbuild/aix-ppc64/-/aix-ppc64-0.19.11.tgz#2acd20be6d4f0458bc8c784103495ff24f13b1d3"
  integrity sha512-FnzU0LyE3ySQk7UntJO4+qIiQgI7KoODnZg5xzXIrFJlKd2P2gwHsHY4927xj9y5PJmJSzULiUCWmv7iWnNa7g==

"@esbuild/android-arm64@0.19.11":
  version "0.19.11"
  resolved "https://registry.yarnpkg.com/@esbuild/android-arm64/-/android-arm64-0.19.11.tgz#b45d000017385c9051a4f03e17078abb935be220"
  integrity sha512-aiu7K/5JnLj//KOnOfEZ0D90obUkRzDMyqd/wNAUQ34m4YUPVhRZpnqKV9uqDGxT7cToSDnIHsGooyIczu9T+Q==

"@esbuild/android-arm@0.19.11":
  version "0.19.11"
  resolved "https://registry.yarnpkg.com/@esbuild/android-arm/-/android-arm-0.19.11.tgz#f46f55414e1c3614ac682b29977792131238164c"
  integrity sha512-5OVapq0ClabvKvQ58Bws8+wkLCV+Rxg7tUVbo9xu034Nm536QTII4YzhaFriQ7rMrorfnFKUsArD2lqKbFY4vw==

"@esbuild/android-x64@0.19.11":
  version "0.19.11"
  resolved "https://registry.yarnpkg.com/@esbuild/android-x64/-/android-x64-0.19.11.tgz#bfc01e91740b82011ef503c48f548950824922b2"
  integrity sha512-eccxjlfGw43WYoY9QgB82SgGgDbibcqyDTlk3l3C0jOVHKxrjdc9CTwDUQd0vkvYg5um0OH+GpxYvp39r+IPOg==

"@esbuild/darwin-arm64@0.19.11":
  version "0.19.11"
  resolved "https://registry.yarnpkg.com/@esbuild/darwin-arm64/-/darwin-arm64-0.19.11.tgz#533fb7f5a08c37121d82c66198263dcc1bed29bf"
  integrity sha512-ETp87DRWuSt9KdDVkqSoKoLFHYTrkyz2+65fj9nfXsaV3bMhTCjtQfw3y+um88vGRKRiF7erPrh/ZuIdLUIVxQ==

"@esbuild/darwin-x64@0.19.11":
  version "0.19.11"
  resolved "https://registry.yarnpkg.com/@esbuild/darwin-x64/-/darwin-x64-0.19.11.tgz#62f3819eff7e4ddc656b7c6815a31cf9a1e7d98e"
  integrity sha512-fkFUiS6IUK9WYUO/+22omwetaSNl5/A8giXvQlcinLIjVkxwTLSktbF5f/kJMftM2MJp9+fXqZ5ezS7+SALp4g==

"@esbuild/freebsd-arm64@0.19.11":
  version "0.19.11"
  resolved "https://registry.yarnpkg.com/@esbuild/freebsd-arm64/-/freebsd-arm64-0.19.11.tgz#d478b4195aa3ca44160272dab85ef8baf4175b4a"
  integrity sha512-lhoSp5K6bxKRNdXUtHoNc5HhbXVCS8V0iZmDvyWvYq9S5WSfTIHU2UGjcGt7UeS6iEYp9eeymIl5mJBn0yiuxA==

"@esbuild/freebsd-x64@0.19.11":
  version "0.19.11"
  resolved "https://registry.yarnpkg.com/@esbuild/freebsd-x64/-/freebsd-x64-0.19.11.tgz#7bdcc1917409178257ca6a1a27fe06e797ec18a2"
  integrity sha512-JkUqn44AffGXitVI6/AbQdoYAq0TEullFdqcMY/PCUZ36xJ9ZJRtQabzMA+Vi7r78+25ZIBosLTOKnUXBSi1Kw==

"@esbuild/linux-arm64@0.19.11":
  version "0.19.11"
  resolved "https://registry.yarnpkg.com/@esbuild/linux-arm64/-/linux-arm64-0.19.11.tgz#58ad4ff11685fcc735d7ff4ca759ab18fcfe4545"
  integrity sha512-LneLg3ypEeveBSMuoa0kwMpCGmpu8XQUh+mL8XXwoYZ6Be2qBnVtcDI5azSvh7vioMDhoJFZzp9GWp9IWpYoUg==

"@esbuild/linux-arm@0.19.11":
  version "0.19.11"
  resolved "https://registry.yarnpkg.com/@esbuild/linux-arm/-/linux-arm-0.19.11.tgz#ce82246d873b5534d34de1e5c1b33026f35e60e3"
  integrity sha512-3CRkr9+vCV2XJbjwgzjPtO8T0SZUmRZla+UL1jw+XqHZPkPgZiyWvbDvl9rqAN8Zl7qJF0O/9ycMtjU67HN9/Q==

"@esbuild/linux-ia32@0.19.11":
  version "0.19.11"
  resolved "https://registry.yarnpkg.com/@esbuild/linux-ia32/-/linux-ia32-0.19.11.tgz#cbae1f313209affc74b80f4390c4c35c6ab83fa4"
  integrity sha512-caHy++CsD8Bgq2V5CodbJjFPEiDPq8JJmBdeyZ8GWVQMjRD0sU548nNdwPNvKjVpamYYVL40AORekgfIubwHoA==

"@esbuild/linux-loong64@0.19.11":
  version "0.19.11"
  resolved "https://registry.yarnpkg.com/@esbuild/linux-loong64/-/linux-loong64-0.19.11.tgz#5f32aead1c3ec8f4cccdb7ed08b166224d4e9121"
  integrity sha512-ppZSSLVpPrwHccvC6nQVZaSHlFsvCQyjnvirnVjbKSHuE5N24Yl8F3UwYUUR1UEPaFObGD2tSvVKbvR+uT1Nrg==

"@esbuild/linux-mips64el@0.19.11":
  version "0.19.11"
  resolved "https://registry.yarnpkg.com/@esbuild/linux-mips64el/-/linux-mips64el-0.19.11.tgz#38eecf1cbb8c36a616261de858b3c10d03419af9"
  integrity sha512-B5x9j0OgjG+v1dF2DkH34lr+7Gmv0kzX6/V0afF41FkPMMqaQ77pH7CrhWeR22aEeHKaeZVtZ6yFwlxOKPVFyg==

"@esbuild/linux-ppc64@0.19.11":
  version "0.19.11"
  resolved "https://registry.yarnpkg.com/@esbuild/linux-ppc64/-/linux-ppc64-0.19.11.tgz#9c5725a94e6ec15b93195e5a6afb821628afd912"
  integrity sha512-MHrZYLeCG8vXblMetWyttkdVRjQlQUb/oMgBNurVEnhj4YWOr4G5lmBfZjHYQHHN0g6yDmCAQRR8MUHldvvRDA==

"@esbuild/linux-riscv64@0.19.11":
  version "0.19.11"
  resolved "https://registry.yarnpkg.com/@esbuild/linux-riscv64/-/linux-riscv64-0.19.11.tgz#2dc4486d474a2a62bbe5870522a9a600e2acb916"
  integrity sha512-f3DY++t94uVg141dozDu4CCUkYW+09rWtaWfnb3bqe4w5NqmZd6nPVBm+qbz7WaHZCoqXqHz5p6CM6qv3qnSSQ==

"@esbuild/linux-s390x@0.19.11":
  version "0.19.11"
  resolved "https://registry.yarnpkg.com/@esbuild/linux-s390x/-/linux-s390x-0.19.11.tgz#4ad8567df48f7dd4c71ec5b1753b6f37561a65a8"
  integrity sha512-A5xdUoyWJHMMlcSMcPGVLzYzpcY8QP1RtYzX5/bS4dvjBGVxdhuiYyFwp7z74ocV7WDc0n1harxmpq2ePOjI0Q==

"@esbuild/linux-x64@0.19.11":
  version "0.19.11"
  resolved "https://registry.yarnpkg.com/@esbuild/linux-x64/-/linux-x64-0.19.11.tgz#b7390c4d5184f203ebe7ddaedf073df82a658766"
  integrity sha512-grbyMlVCvJSfxFQUndw5mCtWs5LO1gUlwP4CDi4iJBbVpZcqLVT29FxgGuBJGSzyOxotFG4LoO5X+M1350zmPA==

"@esbuild/netbsd-x64@0.19.11":
  version "0.19.11"
  resolved "https://registry.yarnpkg.com/@esbuild/netbsd-x64/-/netbsd-x64-0.19.11.tgz#d633c09492a1721377f3bccedb2d821b911e813d"
  integrity sha512-13jvrQZJc3P230OhU8xgwUnDeuC/9egsjTkXN49b3GcS5BKvJqZn86aGM8W9pd14Kd+u7HuFBMVtrNGhh6fHEQ==

"@esbuild/openbsd-x64@0.19.11":
  version "0.19.11"
  resolved "https://registry.yarnpkg.com/@esbuild/openbsd-x64/-/openbsd-x64-0.19.11.tgz#17388c76e2f01125bf831a68c03a7ffccb65d1a2"
  integrity sha512-ysyOGZuTp6SNKPE11INDUeFVVQFrhcNDVUgSQVDzqsqX38DjhPEPATpid04LCoUr2WXhQTEZ8ct/EgJCUDpyNw==

"@esbuild/sunos-x64@0.19.11":
  version "0.19.11"
  resolved "https://registry.yarnpkg.com/@esbuild/sunos-x64/-/sunos-x64-0.19.11.tgz#e320636f00bb9f4fdf3a80e548cb743370d41767"
  integrity sha512-Hf+Sad9nVwvtxy4DXCZQqLpgmRTQqyFyhT3bZ4F2XlJCjxGmRFF0Shwn9rzhOYRB61w9VMXUkxlBy56dk9JJiQ==

"@esbuild/win32-arm64@0.19.11":
  version "0.19.11"
  resolved "https://registry.yarnpkg.com/@esbuild/win32-arm64/-/win32-arm64-0.19.11.tgz#c778b45a496e90b6fc373e2a2bb072f1441fe0ee"
  integrity sha512-0P58Sbi0LctOMOQbpEOvOL44Ne0sqbS0XWHMvvrg6NE5jQ1xguCSSw9jQeUk2lfrXYsKDdOe6K+oZiwKPilYPQ==

"@esbuild/win32-ia32@0.19.11":
  version "0.19.11"
  resolved "https://registry.yarnpkg.com/@esbuild/win32-ia32/-/win32-ia32-0.19.11.tgz#481a65fee2e5cce74ec44823e6b09ecedcc5194c"
  integrity sha512-6YOrWS+sDJDmshdBIQU+Uoyh7pQKrdykdefC1avn76ss5c+RN6gut3LZA4E2cH5xUEp5/cA0+YxRaVtRAb0xBg==

"@esbuild/win32-x64@0.19.11":
  version "0.19.11"
  resolved "https://registry.yarnpkg.com/@esbuild/win32-x64/-/win32-x64-0.19.11.tgz#a5d300008960bb39677c46bf16f53ec70d8dee04"
  integrity sha512-vfkhltrjCAb603XaFhqhAF4LGDi2M4OrCRrFusyQ+iTLQ/o60QQXxc9cZC/FFpihBI9N1Grn6SMKVJ4KP7Fuiw==

"@fortawesome/fontawesome-free@^6.4.2":
  version "6.5.1"
  resolved "https://registry.yarnpkg.com/@fortawesome/fontawesome-free/-/fontawesome-free-6.5.1.tgz#55cc8410abf1003b726324661ce5b0d1c10de258"
  integrity sha512-CNy5vSwN3fsUStPRLX7fUYojyuzoEMSXPl7zSLJ8TgtRfjv24LOnOWKT2zYwaHZCJGkdyRnTmstR0P+Ah503Gw==

"@hotwired/stimulus@^3.2.2":
  version "3.2.2"
  resolved "https://registry.yarnpkg.com/@hotwired/stimulus/-/stimulus-3.2.2.tgz#071aab59c600fed95b97939e605ff261a4251608"
  integrity sha512-eGeIqNOQpXoPAIP7tC1+1Yc1yl1xnwYqg+3mzqxyrbE5pg5YFBZcA6YoTiByJB6DKAEsiWtl6tjTJS4IYtbB7A==

"@hotwired/turbo-rails@^7.3.0":
  version "7.3.0"
  resolved "https://registry.yarnpkg.com/@hotwired/turbo-rails/-/turbo-rails-7.3.0.tgz#422c21752509f3edcd6c7b2725bbe9e157815f51"
  integrity sha512-fvhO64vp/a2UVQ3jue9WTc2JisMv9XilIC7ViZmXAREVwiQ2S4UC7Go8f9A1j4Xu7DBI6SbFdqILk5ImqVoqyA==
  dependencies:
    "@hotwired/turbo" "^7.3.0"
    "@rails/actioncable" "^7.0"

"@hotwired/turbo@^7.3.0":
  version "7.3.0"
  resolved "https://registry.yarnpkg.com/@hotwired/turbo/-/turbo-7.3.0.tgz#2226000fff1aabda9fd9587474565c9929dbf15d"
  integrity sha512-Dcu+NaSvHLT7EjrDrkEmH4qET2ZJZ5IcCWmNXxNQTBwlnE5tBZfN6WxZ842n5cHV52DH/AKNirbPBtcEXDLW4g==

"@pasosdejesus/autocompleta_ajax@https://gitlab.com/pasosdeJesus/autocompleta_ajax.git":
  version "0.9.9-a32"
  resolved "https://gitlab.com/pasosdeJesus/autocompleta_ajax.git#c460a93c41ef66b862965b673615d95e5f059458"

"@popperjs/core@^2.9.3":
  version "2.11.8"
  resolved "https://registry.yarnpkg.com/@popperjs/core/-/core-2.11.8.tgz#6b79032e760a0899cd4204710beede972a3a185f"
  integrity sha512-P1st0aksCrn9sGZhp8GMYwBnQsbvAWsZAX44oXNNvLHGqAOcoVxmjZiohstwQ7SqKnbR47akdNi+uleWD8+g6A==

"@rails/actioncable@^7.0":
  version "7.1.3"
  resolved "https://registry.yarnpkg.com/@rails/actioncable/-/actioncable-7.1.3.tgz#4db480347775aeecd4dde2405659eef74a458881"
  integrity sha512-ojNvnoZtPN0pYvVFtlO7dyEN9Oml1B6IDM+whGKVak69MMYW99lC2NOWXWeE3bmwEydbP/nn6ERcpfjHVjYQjA==

"@rails/ujs@^7.1.1":
  version "7.1.3"
  resolved "https://registry.yarnpkg.com/@rails/ujs/-/ujs-7.1.3.tgz#6d94a68b7da5046147d31716e0c187a4ead4fb93"
  integrity sha512-FxtgKNvvIonoBE1TK7U10VMf6CYvzq8SIZ1XZ1Q8zcn/BEXzPzid3zC9qFiojuI5WXVwWhO8GFqApq0stD+OqQ==

"@types/parse-json@^4.0.0":
  version "4.0.2"
  resolved "https://registry.yarnpkg.com/@types/parse-json/-/parse-json-4.0.2.tgz#5950e50960793055845e956c427fc2b0d70c5239"
  integrity sha512-dISoDXWWQwUquiKsyZ4Ng+HX2KsPL7LyHKHQwgGFEA3IaKac4Obd+h2a/a6waisAoepJlBcx9paWqjA8/HVjCw==

"@yr/monotone-cubic-spline@^1.0.3":
  version "1.0.3"
  resolved "https://registry.yarnpkg.com/@yr/monotone-cubic-spline/-/monotone-cubic-spline-1.0.3.tgz#7272d89f8e4f6fb7a1600c28c378cc18d3b577b9"
  integrity sha512-FQXkOta0XBSUPHndIKON2Y9JeQz5ZeMqLYZVVK93FliNBFm7LNMIZmY6FrMEB9XPcDbE2bekMbZD6kzDkxwYjA==

ansi-styles@^3.2.1:
  version "3.2.1"
  resolved "https://registry.yarnpkg.com/ansi-styles/-/ansi-styles-3.2.1.tgz#41fbb20243e50b12be0f04b8dedbf07520ce841d"
  integrity sha512-VT0ZI6kZRdTh8YyJw3SMbYm/u+NqfsAxEpWO0Pf9sq8/e94WxxOpPKx9FR1FlyCtOVDNOQ+8ntlqFxiRc+r5qA==
  dependencies:
    color-convert "^1.9.0"

apexcharts@^3.28.3:
  version "3.45.1"
  resolved "https://registry.yarnpkg.com/apexcharts/-/apexcharts-3.45.1.tgz#49f2acab0a871e772b5ed0e8a1b1be55e97b6cbe"
  integrity sha512-pPjj/SA6dfPvR/IKRZF0STdfBGpBh3WRt7K0DFuW9P8erypYkX17EHu3/molPRfo2zSiQwTVpshHC5ncysqfkA==
  dependencies:
    "@yr/monotone-cubic-spline" "^1.0.3"
    svg.draggable.js "^2.2.2"
    svg.easing.js "^2.0.0"
    svg.filter.js "^2.0.2"
    svg.pathmorphing.js "^0.1.3"
    svg.resize.js "^1.4.3"
    svg.select.js "^3.0.1"

babel-plugin-macros@^3.1.0:
  version "3.1.0"
  resolved "https://registry.yarnpkg.com/babel-plugin-macros/-/babel-plugin-macros-3.1.0.tgz#9ef6dc74deb934b4db344dc973ee851d148c50c1"
  integrity sha512-Cg7TFGpIr01vOQNODXOOaGz2NpCU5gl8x1qJFbb6hbZxR7XrcE2vtbAsTAbJ7/xwJtUuJEw8K8Zr/AE0LHlesg==
  dependencies:
    "@babel/runtime" "^7.12.5"
    cosmiconfig "^7.0.0"
    resolve "^1.19.0"

bootstrap-datepicker@^1.10.0:
  version "1.10.0"
  resolved "https://registry.yarnpkg.com/bootstrap-datepicker/-/bootstrap-datepicker-1.10.0.tgz#61612bbe8bf0a69a5bce32bbcdda93ebb6ccf24a"
  integrity sha512-lWxtSYddAQOpbAO8UhYhHLcK6425eWoSjb5JDvZU3ePHEPF6A3eUr51WKaFy4PccU19JRxUG6wEU3KdhtKfvpg==
  dependencies:
    jquery ">=3.4.0 <4.0.0"

bootstrap@^5.3.2:
  version "5.3.2"
  resolved "https://registry.yarnpkg.com/bootstrap/-/bootstrap-5.3.2.tgz#97226583f27aae93b2b28ab23f4c114757ff16ae"
  integrity sha512-D32nmNWiQHo94BKHLmOrdjlL05q1c8oxbtBphQFb9Z5to6eGRDCm0QgeaZ4zFBHzfg2++rqa2JkqCcxDy0sH0g==

callsites@^3.0.0:
  version "3.1.0"
  resolved "https://registry.yarnpkg.com/callsites/-/callsites-3.1.0.tgz#b3630abd8943432f54b3f0519238e33cd7df2f73"
  integrity sha512-P8BjAsXvZS+VIDUI11hHCQEv74YT67YUi5JJFNWIqL235sBmjX4+qx9Muvls5ivyNENctx46xQLQ3aTuE7ssaQ==

chalk@^2.4.2:
  version "2.4.2"
  resolved "https://registry.yarnpkg.com/chalk/-/chalk-2.4.2.tgz#cd42541677a54333cf541a49108c1432b44c9424"
  integrity sha512-Mti+f9lpJNcwF4tWV8/OrTTtF1gZi+f8FqlyAdouralcFWFQWF2+NgCHShjkCb+IFBLq9buZwE1xckQU4peSuQ==
  dependencies:
    ansi-styles "^3.2.1"
    escape-string-regexp "^1.0.5"
    supports-color "^5.3.0"

chosen-js@^1.8.7:
  version "1.8.7"
  resolved "https://registry.yarnpkg.com/chosen-js/-/chosen-js-1.8.7.tgz#9bfa5597f5081d602ff4ae904af9aef33265bb1d"
  integrity sha512-eVdrZJ2U5ISdObkgsi0od5vIJdLwq1P1Xa/Vj/mgxkMZf14DlgobfB6nrlFi3kW4kkvKLsKk4NDqZj1MU1DCpw==

color-convert@^1.9.0:
  version "1.9.3"
  resolved "https://registry.yarnpkg.com/color-convert/-/color-convert-1.9.3.tgz#bb71850690e1f136567de629d2d5471deda4c1e8"
  integrity sha512-QfAUtd+vFdAtFQcC8CCyYt1fYWxSqAiK2cSD6zDB8N3cpsEBAvRxp9zOGg6G/SHHJYAT88/az/IuDGALsNVbGg==
  dependencies:
    color-name "1.1.3"

color-name@1.1.3:
  version "1.1.3"
  resolved "https://registry.yarnpkg.com/color-name/-/color-name-1.1.3.tgz#a7d0558bd89c42f795dd42328f740831ca53bc25"
  integrity sha512-72fSenhMw2HZMTVHeCA9KCmpEIbzWiQsjN+BHcBbS9vr1mtt+vJjPdksIBNUmKAW8TFUDPJK5SUU3QhE9NEXDw==

cosmiconfig@^7.0.0:
  version "7.1.0"
  resolved "https://registry.yarnpkg.com/cosmiconfig/-/cosmiconfig-7.1.0.tgz#1443b9afa596b670082ea46cbd8f6a62b84635f6"
  integrity sha512-AdmX6xUzdNASswsFtmwSt7Vj8po9IuqXm0UXz7QKPuEUmPB4XyjGfaAr2PSuELMwkRMVH1EpIkX5bTZGRB3eCA==
  dependencies:
    "@types/parse-json" "^4.0.0"
    import-fresh "^3.2.1"
    parse-json "^5.0.0"
    path-type "^4.0.0"
    yaml "^1.10.0"

error-ex@^1.3.1:
  version "1.3.2"
  resolved "https://registry.yarnpkg.com/error-ex/-/error-ex-1.3.2.tgz#b4ac40648107fdcdcfae242f428bea8a14d4f1bf"
  integrity sha512-7dFHNmqeFSEt2ZBsCriorKnn3Z2pj+fd9kmI6QoWw4//DL+icEBfc0U7qJCisqrTsKTjw4fNFy2pW9OqStD84g==
  dependencies:
    is-arrayish "^0.2.1"

esbuild@^0.19.4:
  version "0.19.11"
  resolved "https://registry.yarnpkg.com/esbuild/-/esbuild-0.19.11.tgz#4a02dca031e768b5556606e1b468fe72e3325d96"
  integrity sha512-HJ96Hev2hX/6i5cDVwcqiJBBtuo9+FeIJOtZ9W1kA5M6AMJRHUZlpYZ1/SbEwtO0ioNAW8rUooVpC/WehY2SfA==
  optionalDependencies:
    "@esbuild/aix-ppc64" "0.19.11"
    "@esbuild/android-arm" "0.19.11"
    "@esbuild/android-arm64" "0.19.11"
    "@esbuild/android-x64" "0.19.11"
    "@esbuild/darwin-arm64" "0.19.11"
    "@esbuild/darwin-x64" "0.19.11"
    "@esbuild/freebsd-arm64" "0.19.11"
    "@esbuild/freebsd-x64" "0.19.11"
    "@esbuild/linux-arm" "0.19.11"
    "@esbuild/linux-arm64" "0.19.11"
    "@esbuild/linux-ia32" "0.19.11"
    "@esbuild/linux-loong64" "0.19.11"
    "@esbuild/linux-mips64el" "0.19.11"
    "@esbuild/linux-ppc64" "0.19.11"
    "@esbuild/linux-riscv64" "0.19.11"
    "@esbuild/linux-s390x" "0.19.11"
    "@esbuild/linux-x64" "0.19.11"
    "@esbuild/netbsd-x64" "0.19.11"
    "@esbuild/openbsd-x64" "0.19.11"
    "@esbuild/sunos-x64" "0.19.11"
    "@esbuild/win32-arm64" "0.19.11"
    "@esbuild/win32-ia32" "0.19.11"
    "@esbuild/win32-x64" "0.19.11"

escape-string-regexp@^1.0.5:
  version "1.0.5"
  resolved "https://registry.yarnpkg.com/escape-string-regexp/-/escape-string-regexp-1.0.5.tgz#1b61c0562190a8dff6ae3bb2cf0200ca130b86d4"
  integrity sha512-vbRorB5FUQWvla16U8R/qgaFIya2qGzwDrNmCZuYKrbdSUMG6I1ZCGQRefkRVhuOkIGVne7BQ35DSfo1qvJqFg==

function-bind@^1.1.2:
  version "1.1.2"
  resolved "https://registry.yarnpkg.com/function-bind/-/function-bind-1.1.2.tgz#2c02d864d97f3ea6c8830c464cbd11ab6eab7a1c"
  integrity sha512-7XHNxH7qX9xG5mIwxkhumTox/MIRNcOgDrxWsMt2pAr23WHp6MrRlN7FBSFpCpr+oVO0F744iUgR82nJMfG2SA==

glob-parent@^6.0.1:
  version "6.0.2"
  resolved "https://registry.yarnpkg.com/glob-parent/-/glob-parent-6.0.2.tgz#6d237d99083950c79290f24c7642a3de9a28f9e3"
  integrity sha512-XxwI8EOhVQgWp6iDL+3b0r86f4d6AX6zSU55HfB4ydCEuXLXc5FcYeOu+nnGftS4TEju/11rt4KJPTMgbfmv4A==
  dependencies:
    is-glob "^4.0.3"

gridstack@^0.6.0:
  version "0.6.4"
  resolved "https://registry.yarnpkg.com/gridstack/-/gridstack-0.6.4.tgz#f832903a1323a0e536348dd926d7b5d084ca88eb"
  integrity sha512-4ToCnneNg5Uw+ms3xHtPVvsNXdvwQhngdlyNgGkARwvooQu+gLL6xkwPqLU59TsZP/LVvofb2QhEuXyh/ocL8w==
  dependencies:
    jquery "^1.8 || 2 || 3"

has-flag@^3.0.0:
  version "3.0.0"
  resolved "https://registry.yarnpkg.com/has-flag/-/has-flag-3.0.0.tgz#b5d454dc2199ae225699f3467e5a07f3b955bafd"
  integrity sha512-sKJf1+ceQBr4SMkvQnBDNDtf4TXpVhVGateu0t918bl30FnbE2m4vNLX+VWe/dpjlb+HugGYzW7uQXH98HPEYw==

hasown@^2.0.0:
  version "2.0.0"
  resolved "https://registry.yarnpkg.com/hasown/-/hasown-2.0.0.tgz#f4c513d454a57b7c7e1650778de226b11700546c"
  integrity sha512-vUptKVTpIJhcczKBbgnS+RtcuYMB8+oNzPK2/Hp3hanz8JmpATdmmgLgSaadVREkDm+e2giHwY3ZRkyjSIDDFA==
  dependencies:
    function-bind "^1.1.2"

import-fresh@^3.2.1:
  version "3.3.0"
  resolved "https://registry.yarnpkg.com/import-fresh/-/import-fresh-3.3.0.tgz#37162c25fcb9ebaa2e6e53d5b4d88ce17d9e0c2b"
  integrity sha512-veYYhQa+D1QBKznvhUHxb8faxlrwUnxseDAbAp457E0wLNio2bOSKnjYDhMj+YiAq61xrMGhQk9iXVk5FzgQMw==
  dependencies:
    parent-module "^1.0.0"
    resolve-from "^4.0.0"

is-arrayish@^0.2.1:
  version "0.2.1"
  resolved "https://registry.yarnpkg.com/is-arrayish/-/is-arrayish-0.2.1.tgz#77c99840527aa8ecb1a8ba697b80645a7a926a9d"
  integrity sha512-zz06S8t0ozoDXMG+ube26zeCTNXcKIPJZJi8hBrF4idCLms4CG9QtK7qBl1boi5ODzFpjswb5JPmHCbMpjaYzg==

is-core-module@^2.13.0:
  version "2.13.1"
  resolved "https://registry.yarnpkg.com/is-core-module/-/is-core-module-2.13.1.tgz#ad0d7532c6fea9da1ebdc82742d74525c6273384"
  integrity sha512-hHrIjvZsftOsvKSn2TRYl63zvxsgE0K+0mYMoH6gD4omR5IWB2KynivBQczo3+wF1cCkjzvptnI9Q0sPU66ilw==
  dependencies:
    hasown "^2.0.0"

is-extglob@^2.1.1:
  version "2.1.1"
  resolved "https://registry.yarnpkg.com/is-extglob/-/is-extglob-2.1.1.tgz#a88c02535791f02ed37c76a1b9ea9773c833f8c2"
  integrity sha512-SbKbANkN603Vi4jEZv49LeVJMn4yGwsbzZworEoyEiutsN3nJYdbO36zfhGJ6QEDpOZIFkDtnq5JRxmvl3jsoQ==

is-glob@^4.0.3:
  version "4.0.3"
  resolved "https://registry.yarnpkg.com/is-glob/-/is-glob-4.0.3.tgz#64f61e42cbbb2eec2071a9dac0b28ba1e65d5084"
  integrity sha512-xelSayHH36ZgE7ZWhli7pW34hNbNl8Ojv5KVmkJD4hBdD3th8Tfk9vYasLM+mXWOZhFkgZfxhLSnrwRr4elSSg==
  dependencies:
    is-extglob "^2.1.1"

"jquery@>=3.4.0 <4.0.0", "jquery@^1.8 || 2 || 3", jquery@^3.7.1:
  version "3.7.1"
  resolved "https://registry.yarnpkg.com/jquery/-/jquery-3.7.1.tgz#083ef98927c9a6a74d05a6af02806566d16274de"
  integrity sha512-m4avr8yL8kmFN8psrbFFFmB/If14iN5o9nw/NgnnM+kybDJpRsAynV2BsfpTYrTRysYUdADVD7CkUUizgkpLfg==

js-tokens@^4.0.0:
  version "4.0.0"
  resolved "https://registry.yarnpkg.com/js-tokens/-/js-tokens-4.0.0.tgz#19203fb59991df98e3a287050d4647cdeaf32499"
  integrity sha512-RdJUflcE3cUzKiMqQgsCu06FPu9UdIJO0beYbPhHN4k6apgJtifcoCtT9bcxOpYBtpD2kCM6Sbzg4CausW/PKQ==

json-parse-even-better-errors@^2.3.0:
  version "2.3.1"
  resolved "https://registry.yarnpkg.com/json-parse-even-better-errors/-/json-parse-even-better-errors-2.3.1.tgz#7c47805a94319928e05777405dc12e1f7a4ee02d"
  integrity sha512-xyFwyhro/JEof6Ghe2iz2NcXoj2sloNsWr/XsERDK/oiPCfaNhl5ONfp+jQdAZRQQ0IJWNzH9zIZF7li91kh2w==

leaflet.markercluster@^1.4.1:
  version "1.5.3"
  resolved "https://registry.yarnpkg.com/leaflet.markercluster/-/leaflet.markercluster-1.5.3.tgz#9cdb52a4eab92671832e1ef9899669e80efc4056"
  integrity sha512-vPTw/Bndq7eQHjLBVlWpnGeLa3t+3zGiuM7fJwCkiMFq+nmRuG3RI3f7f4N4TDX7T4NpbAXpR2+NTRSEGfCSeA==

leaflet@^1.6.0:
  version "1.9.4"
  resolved "https://registry.yarnpkg.com/leaflet/-/leaflet-1.9.4.tgz#23fae724e282fa25745aff82ca4d394748db7d8d"
  integrity sha512-nxS1ynzJOmOlHp+iL3FyWqK89GtNL8U8rvlMOsQdTTssxZwCXh8N2NB3GDQOL+YR3XnWyZAxwQixURb+FA74PA==

lines-and-columns@^1.1.6:
  version "1.2.4"
  resolved "https://registry.yarnpkg.com/lines-and-columns/-/lines-and-columns-1.2.4.tgz#eca284f75d2965079309dc0ad9255abb2ebc1632"
  integrity sha512-7ylylesZQ/PV29jhEDl3Ufjo6ZX7gCqJr5F7PKrqc93v7fzSymt1BpwEU8nAUXs8qzzvqhbjhK5QZg6Mt/HkBg==

nanoid@^3.3.7:
  version "3.3.7"
  resolved "https://registry.yarnpkg.com/nanoid/-/nanoid-3.3.7.tgz#d0c301a691bc8d54efa0a2226ccf3fe2fd656bd8"
  integrity sha512-eSRppjcPIatRIMC1U6UngP8XFcz8MQWGQdt1MTBQ7NaAmvXDfvNxbvWV3x2y6CdEUciCSsDHDQZbhYaB8QEo2g==

normalize-url@^4.5.1:
  version "4.5.1"
  resolved "https://registry.yarnpkg.com/normalize-url/-/normalize-url-4.5.1.tgz#0dd90cf1288ee1d1313b87081c9a5932ee48518a"
  integrity sha512-9UZCFRHQdNrfTpGg8+1INIg93B6zE0aXMVFkw1WFwvO4SlZywU6aLg5Of0Ap/PgcbSw4LNxvMWXMeugwMCX0AA==

parent-module@^1.0.0:
  version "1.0.1"
  resolved "https://registry.yarnpkg.com/parent-module/-/parent-module-1.0.1.tgz#691d2709e78c79fae3a156622452d00762caaaa2"
  integrity sha512-GQ2EWRpQV8/o+Aw8YqtfZZPfNRWZYkbidE9k5rpl/hC3vtHHBfGm2Ifi6qWV+coDGkrUKZAxE3Lot5kcsRlh+g==
  dependencies:
    callsites "^3.0.0"

parse-json@^5.0.0:
  version "5.2.0"
  resolved "https://registry.yarnpkg.com/parse-json/-/parse-json-5.2.0.tgz#c76fc66dee54231c962b22bcc8a72cf2f99753cd"
  integrity sha512-ayCKvm/phCGxOkYRSCM82iDwct8/EonSEgCSxWxD7ve6jHggsFl4fZVQBPRNgQoKiuV/odhFrGzQXZwbifC8Rg==
  dependencies:
    "@babel/code-frame" "^7.0.0"
    error-ex "^1.3.1"
    json-parse-even-better-errors "^2.3.0"
    lines-and-columns "^1.1.6"

path-parse@^1.0.7:
  version "1.0.7"
  resolved "https://registry.yarnpkg.com/path-parse/-/path-parse-1.0.7.tgz#fbc114b60ca42b30d9daf5858e4bd68bbedb6735"
  integrity sha512-LDJzPVEEEPR+y48z93A0Ed0yXb8pAByGWo/k5YYdYgpY2/2EsOsksJrq7lOHxryrVOn1ejG6oAp8ahvOIQD8sw==

path-type@^4.0.0:
  version "4.0.0"
  resolved "https://registry.yarnpkg.com/path-type/-/path-type-4.0.0.tgz#84ed01c0a7ba380afe09d90a8c180dcd9d03043b"
  integrity sha512-gDKb8aZMDeD/tZWs9P6+q0J9Mwkdl6xMV8TjnGP3qJVJ06bdMgkbBlLU8IdfOsIsFz2BW1rNVT3XuNEl8zPAvw==

picocolors@^1.0.0:
  version "1.0.0"
  resolved "https://registry.yarnpkg.com/picocolors/-/picocolors-1.0.0.tgz#cb5bdc74ff3f51892236eaf79d68bc44564ab81c"
  integrity sha512-1fygroTLlHu66zi26VoTDv8yRgm0Fccecssto+MhsZ0D/DGW2sm8E8AjW7NU5VVTRt5GxbeZ5qBuJr+HyLYkjQ==

popper.js@^2.0.0-next.4:
  version "2.0.0-next.4"
  resolved "https://registry.yarnpkg.com/popper.js/-/popper.js-2.0.0-next.4.tgz#8476d4b21407751a3a5069fa0e20f5cae9326c4b"
  integrity sha512-rwX+OiRozGJyNzo+b39WE1yh1VE7+FuDAbMIP1j3hUQN4DP0WEOEbRlHC7dDgoIDpBQSm5rr+nCoPktbQCNhFQ==

postcss@^8.2.10:
  version "8.4.33"
  resolved "https://registry.yarnpkg.com/postcss/-/postcss-8.4.33.tgz#1378e859c9f69bf6f638b990a0212f43e2aaa742"
  integrity sha512-Kkpbhhdjw2qQs2O2DGX+8m5OVqEcbB9HRBvuYM9pgrjEFUg30A9LmXNlTAUj4S9kgtGyrMbTzVjH7E+s5Re2yg==
  dependencies:
    nanoid "^3.3.7"
    picocolors "^1.0.0"
    source-map-js "^1.0.2"

regenerator-runtime@^0.14.0:
  version "0.14.1"
  resolved "https://registry.yarnpkg.com/regenerator-runtime/-/regenerator-runtime-0.14.1.tgz#356ade10263f685dda125100cd862c1db895327f"
  integrity sha512-dYnhHh0nJoMfnkZs6GmmhFknAGRrLznOu5nc9ML+EJxGvrx6H7teuevqVqCuPcPK//3eDrrjQhehXVx9cnkGdw==

resolve-from@^4.0.0:
  version "4.0.0"
  resolved "https://registry.yarnpkg.com/resolve-from/-/resolve-from-4.0.0.tgz#4abcd852ad32dd7baabfe9b40e00a36db5f392e6"
  integrity sha512-pb/MYmXstAkysRFx8piNI1tGFNQIFA3vkE3Gq4EuA1dF6gHp/+vgZqsCGJapvy8N3Q+4o7FwvquPJcnZ7RYy4g==

resolve@^1.19.0:
  version "1.22.8"
  resolved "https://registry.yarnpkg.com/resolve/-/resolve-1.22.8.tgz#b6c87a9f2aa06dfab52e3d70ac8cde321fa5a48d"
  integrity sha512-oKWePCxqpd6FlLvGV1VU0x7bkPmmCNolxzjMf4NczoDnQcIWrAF+cPtZn5i6n+RfD2d9i0tzpKnG6Yk168yIyw==
  dependencies:
    is-core-module "^2.13.0"
    path-parse "^1.0.7"
    supports-preserve-symlinks-flag "^1.0.0"

source-map-js@^1.0.2:
  version "1.0.2"
  resolved "https://registry.yarnpkg.com/source-map-js/-/source-map-js-1.0.2.tgz#adbc361d9c62df380125e7f161f71c826f1e490c"
  integrity sha512-R0XvVJ9WusLiqTCEiGCmICCMplcCkIwwR11mOSD9CR5u+IXYdiseeEuXCVAjS54zqwkLcPNnmU4OeJ6tUrWhDw==

supports-color@^5.3.0:
  version "5.5.0"
  resolved "https://registry.yarnpkg.com/supports-color/-/supports-color-5.5.0.tgz#e2e69a44ac8772f78a1ec0b35b689df6530efc8f"
  integrity sha512-QjVjwdXIt408MIiAqCX4oUKsgU2EqAGzs2Ppkm4aQYbjm+ZEWEcW4SfFNTr4uMNZma0ey4f5lgLrkB0aX0QMow==
  dependencies:
    has-flag "^3.0.0"

supports-preserve-symlinks-flag@^1.0.0:
  version "1.0.0"
  resolved "https://registry.yarnpkg.com/supports-preserve-symlinks-flag/-/supports-preserve-symlinks-flag-1.0.0.tgz#6eda4bd344a3c94aea376d4cc31bc77311039e09"
  integrity sha512-ot0WnXS9fgdkgIcePe6RHNk1WA8+muPa6cSjeR3V8K27q9BB1rTE3R1p7Hv0z1ZyAc8s6Vvv8DIyWf681MAt0w==

svg.draggable.js@^2.2.2:
  version "2.2.2"
  resolved "https://registry.yarnpkg.com/svg.draggable.js/-/svg.draggable.js-2.2.2.tgz#c514a2f1405efb6f0263e7958f5b68fce50603ba"
  integrity sha512-JzNHBc2fLQMzYCZ90KZHN2ohXL0BQJGQimK1kGk6AvSeibuKcIdDX9Kr0dT9+UJ5O8nYA0RB839Lhvk4CY4MZw==
  dependencies:
    svg.js "^2.0.1"

svg.easing.js@^2.0.0:
  version "2.0.0"
  resolved "https://registry.yarnpkg.com/svg.easing.js/-/svg.easing.js-2.0.0.tgz#8aa9946b0a8e27857a5c40a10eba4091e5691f12"
  integrity sha512-//ctPdJMGy22YoYGV+3HEfHbm6/69LJUTAqI2/5qBvaNHZ9uUFVC82B0Pl299HzgH13rKrBgi4+XyXXyVWWthA==
  dependencies:
    svg.js ">=2.3.x"

svg.filter.js@^2.0.2:
  version "2.0.2"
  resolved "https://registry.yarnpkg.com/svg.filter.js/-/svg.filter.js-2.0.2.tgz#91008e151389dd9230779fcbe6e2c9a362d1c203"
  integrity sha512-xkGBwU+dKBzqg5PtilaTb0EYPqPfJ9Q6saVldX+5vCRy31P6TlRCP3U9NxH3HEufkKkpNgdTLBJnmhDHeTqAkw==
  dependencies:
    svg.js "^2.2.5"

svg.js@>=2.3.x, svg.js@^2.0.1, svg.js@^2.2.5, svg.js@^2.4.0, svg.js@^2.6.5:
  version "2.7.1"
  resolved "https://registry.yarnpkg.com/svg.js/-/svg.js-2.7.1.tgz#eb977ed4737001eab859949b4a398ee1bb79948d"
  integrity sha512-ycbxpizEQktk3FYvn/8BH+6/EuWXg7ZpQREJvgacqn46gIddG24tNNe4Son6omdXCnSOaApnpZw6MPCBA1dODA==

svg.pathmorphing.js@^0.1.3:
  version "0.1.3"
  resolved "https://registry.yarnpkg.com/svg.pathmorphing.js/-/svg.pathmorphing.js-0.1.3.tgz#c25718a1cc7c36e852ecabc380e758ac09bb2b65"
  integrity sha512-49HWI9X4XQR/JG1qXkSDV8xViuTLIWm/B/7YuQELV5KMOPtXjiwH4XPJvr/ghEDibmLQ9Oc22dpWpG0vUDDNww==
  dependencies:
    svg.js "^2.4.0"

svg.resize.js@^1.4.3:
  version "1.4.3"
  resolved "https://registry.yarnpkg.com/svg.resize.js/-/svg.resize.js-1.4.3.tgz#885abd248e0cd205b36b973c4b578b9a36f23332"
  integrity sha512-9k5sXJuPKp+mVzXNvxz7U0uC9oVMQrrf7cFsETznzUDDm0x8+77dtZkWdMfRlmbkEEYvUn9btKuZ3n41oNA+uw==
  dependencies:
    svg.js "^2.6.5"
    svg.select.js "^2.1.2"

svg.select.js@^2.1.2:
  version "2.1.2"
  resolved "https://registry.yarnpkg.com/svg.select.js/-/svg.select.js-2.1.2.tgz#e41ce13b1acff43a7441f9f8be87a2319c87be73"
  integrity sha512-tH6ABEyJsAOVAhwcCjF8mw4crjXSI1aa7j2VQR8ZuJ37H2MBUbyeqYr5nEO7sSN3cy9AR9DUwNg0t/962HlDbQ==
  dependencies:
    svg.js "^2.2.5"

svg.select.js@^3.0.1:
  version "3.0.1"
  resolved "https://registry.yarnpkg.com/svg.select.js/-/svg.select.js-3.0.1.tgz#a4198e359f3825739226415f82176a90ea5cc917"
  integrity sha512-h5IS/hKkuVCbKSieR9uQCj9w+zLHoPh+ce19bBYyqF53g6mnPB8sAtIbe1s9dh2S2fCmYX2xel1Ln3PJBbK4kw==
  dependencies:
    svg.js "^2.6.5"

ws@^7.4.6:
  version "7.5.9"
  resolved "https://registry.yarnpkg.com/ws/-/ws-7.5.9.tgz#54fa7db29f4c7cec68b1ddd3a89de099942bb591"
  integrity sha512-F+P9Jil7UiSKSkppIiD94dN07AwvFixvLIj1Og1Rl9GGMuNipJnV9JzjD6XuqmAeiswGvUmNLjr5cFuXwNS77Q==

yaml@^1.10.0:
  version "1.10.2"
  resolved "https://registry.yarnpkg.com/yaml/-/yaml-1.10.2.tgz#2301c5ffbf12b467de8da2333a459e29e7920e4b"
  integrity sha512-r3vXyErRCYJ7wg28yvBY5VSoAF8ZvlcW9/BwUzEtUsjvX/DKs24dIkuwjtuprwJJHsbyUbLApepYTR1BN4uHrg==
